
Microsoft Visual Studio Solution File, Format Version 12.00
# Visual Studio Version 16
VisualStudioVersion = 16.0.30523.141
MinimumVisualStudioVersion = 10.0.40219.1
Project("{FAE04EC0-301F-11D3-BF4B-00C04F79EFBC}") = "NuGet_JSON", "NuGet_JSON\NuGet_JSON.csproj", "{B96CEC54-5FF1-485B-B41A-378140A3F57D}"
EndProject
Project("{FAE04EC0-301F-11D3-BF4B-00C04F79EFBC}") = "Ex_LiveCharts.WPF", "Ex_LiveCharts.WPF\Ex_LiveCharts.WPF.csproj", "{44D385C1-71AC-4E54-99AF-B3DB556BCFAE}"
EndProject
Global
	GlobalSection(SolutionConfigurationPlatforms) = preSolution
		Debug|Any CPU = Debug|Any CPU
		Release|Any CPU = Release|Any CPU
	EndGlobalSection
	GlobalSection(ProjectConfigurationPlatforms) = postSolution
		{B96CEC54-5FF1-485B-B41A-378140A3F57D}.Debug|Any CPU.ActiveCfg = Debug|Any CPU
		{B96CEC54-5FF1-485B-B41A-378140A3F57D}.Debug|Any CPU.Build.0 = Debug|Any CPU
		{B96CEC54-5FF1-485B-B41A-378140A3F57D}.Release|Any CPU.ActiveCfg = Release|Any CPU
		{B96CEC54-5FF1-485B-B41A-378140A3F57D}.Release|Any CPU.Build.0 = Release|Any CPU
		{44D385C1-71AC-4E54-99AF-B3DB556BCFAE}.Debug|Any CPU.ActiveCfg = Debug|Any CPU
		{44D385C1-71AC-4E54-99AF-B3DB556BCFAE}.Debug|Any CPU.Build.0 = Debug|Any CPU
		{44D385C1-71AC-4E54-99AF-B3DB556BCFAE}.Release|Any CPU.ActiveCfg = Release|Any CPU
		{44D385C1-71AC-4E54-99AF-B3DB556BCFAE}.Release|Any CPU.Build.0 = Release|Any CPU
	EndGlobalSection
	GlobalSection(SolutionProperties) = preSolution
		HideSolutionNode = FALSE
	EndGlobalSection
	GlobalSection(ExtensibilityGlobals) = postSolution
		SolutionGuid = {BE8B4B9A-5BD7-42C0-AC4E-829B2E3A7D34}
	EndGlobalSection
EndGlobal
